
Microsoft Visual Studio Solution File, Format Version 12.00
# Visual Studio Version 17
VisualStudioVersion = 17.14.37012.4 d17.14
MinimumVisualStudioVersion = 10.0.40219.1
Project("{FAE04EC0-301F-11D3-BF4B-00C04F79EFBC}") = "ExemploMVVM", "ExemploMVVM.csproj", "{073971BB-3884-4341-A2E4-83F2CA74C9EF}"
EndProject
Global
	GlobalSection(SolutionConfigurationPlatforms) = preSolution
		Debug|Any CPU = Debug|Any CPU
		Release|Any CPU = Release|Any CPU
	EndGlobalSection
	GlobalSection(ProjectConfigurationPlatforms) = postSolution
		{073971BB-3884-4341-A2E4-83F2CA74C9EF}.Debug|Any CPU.ActiveCfg = Debug|Any CPU
		{073971BB-3884-4341-A2E4-83F2CA74C9EF}.Debug|Any CPU.Build.0 = Debug|Any CPU
		{073971BB-3884-4341-A2E4-83F2CA74C9EF}.Release|Any CPU.ActiveCfg = Release|Any CPU
		{073971BB-3884-4341-A2E4-83F2CA74C9EF}.Release|Any CPU.Build.0 = Release|Any CPU
	EndGlobalSection
	GlobalSection(SolutionProperties) = preSolution
		HideSolutionNode = FALSE
	EndGlobalSection
	GlobalSection(ExtensibilityGlobals) = postSolution
		SolutionGuid = {1F678467-502E-455B-98AB-E5AEEA47E94F}
	EndGlobalSection
EndGlobal
